
Microsoft Visual Studio Solution File, Format Version 12.00
# Visual Studio Version 17
VisualStudioVersion = 17.1.32319.34
MinimumVisualStudioVersion = 10.0.40219.1
Project("{9A19103F-16F7-4668-BE54-9A1E7A4F7556}") = "Assembly-CSharp", "Assembly-CSharp.csproj", "{B70EAAC0-CF94-4A95-B5FD-3E57196820CD}"
EndProject
Project("{FAE04EC0-301F-11D3-BF4B-00C04F79EFBC}") = "ExampleMod", "..\ExampleMod\ExampleMod.csproj", "{92471119-1C12-4726-BFD3-A124DE4BF514}"
EndProject
Global
	GlobalSection(SolutionConfigurationPlatforms) = preSolution
		Debug|Any CPU = Debug|Any CPU
		Release|Any CPU = Release|Any CPU
	EndGlobalSection
	GlobalSection(ProjectConfigurationPlatforms) = postSolution
		{B70EAAC0-CF94-4A95-B5FD-3E57196820CD}.Debug|Any CPU.ActiveCfg = Debug|Any CPU
		{B70EAAC0-CF94-4A95-B5FD-3E57196820CD}.Debug|Any CPU.Build.0 = Debug|Any CPU
		{B70EAAC0-CF94-4A95-B5FD-3E57196820CD}.Release|Any CPU.ActiveCfg = Release|Any CPU
		{B70EAAC0-CF94-4A95-B5FD-3E57196820CD}.Release|Any CPU.Build.0 = Release|Any CPU
		{92471119-1C12-4726-BFD3-A124DE4BF514}.Debug|Any CPU.ActiveCfg = Debug|Any CPU
		{92471119-1C12-4726-BFD3-A124DE4BF514}.Debug|Any CPU.Build.0 = Debug|Any CPU
		{92471119-1C12-4726-BFD3-A124DE4BF514}.Release|Any CPU.ActiveCfg = Release|Any CPU
		{92471119-1C12-4726-BFD3-A124DE4BF514}.Release|Any CPU.Build.0 = Release|Any CPU
	EndGlobalSection
	GlobalSection(SolutionProperties) = preSolution
		HideSolutionNode = FALSE
	EndGlobalSection
	GlobalSection(ExtensibilityGlobals) = postSolution
		SolutionGuid = {12125B7B-F623-4170-B50D-EC0ECE43A0BC}
	EndGlobalSection
EndGlobal
